// !$*UTF8*$!
{
	archiveVersion = 1;
	classes = {
	};
	objectVersion = 46;
	objects = {

/* Begin PBXAggregateTarget section */
		412DCAC818C16DE80044835D /* Headers */ = {
			isa = PBXAggregateTarget;
			buildConfigurationList = 412DCAC918C16DE80044835D /* Build configuration list for PBXAggregateTarget "Headers" */;
			buildPhases = (
				412DCACC18C16DFF0044835D /* ShellScript */,
			);
			dependencies = (
			);
			name = Headers;
			productName = Headers;
		};
		419E8E4A18A9845800232A34 /* iOS */ = {
			isa = PBXAggregateTarget;
			buildConfigurationList = 419E8E4B18A9845800232A34 /* Build configuration list for PBXAggregateTarget "iOS" */;
			buildPhases = (
				419E8E4E18A9847700232A34 /* ShellScript */,
			);
			dependencies = (
			);
			name = iOS;
			productName = "cocos2d-x-static-ios";
		};
		419E8E9818A9BAEC00232A34 /* Mac */ = {
			isa = PBXAggregateTarget;
			buildConfigurationList = 419E8E9918A9BAEC00232A34 /* Build configuration list for PBXAggregateTarget "Mac" */;
			buildPhases = (
				419E8E9E18A9BB3400232A34 /* ShellScript */,
			);
			dependencies = (
			);
			name = Mac;
			productName = "cocos2d-x-static-mac";
		};
		419E8EA518A9CC3B00232A34 /* All */ = {
			isa = PBXAggregateTarget;
			buildConfigurationList = 419E8EA618A9CC3B00232A34 /* Build configuration list for PBXAggregateTarget "All" */;
			buildPhases = (
			);
			dependencies = (
				412DCACE18C16E4D0044835D /* PBXTargetDependency */,
				419E8EAA18A9CC5C00232A34 /* PBXTargetDependency */,
				419E8EAC18A9CC5C00232A34 /* PBXTargetDependency */,
			);
			name = All;
			productName = "cocos2d-x-static";
		};
/* End PBXAggregateTarget section */

/* Begin PBXContainerItemProxy section */
		412DCACD18C16E4D0044835D /* PBXContainerItemProxy */ = {
			isa = PBXContainerItemProxy;
			containerPortal = 419E8DAC18A9724F00232A34 /* Project object */;
			proxyType = 1;
			remoteGlobalIDString = 412DCAC818C16DE80044835D;
			remoteInfo = Headers;
		};
		419E8E2418A9837100232A34 /* PBXContainerItemProxy */ = {
			isa = PBXContainerItemProxy;
			containerPortal = 419E8E1118A9837100232A34 /* cocos2d_libs.xcodeproj */;
			proxyType = 2;
			remoteGlobalIDString = 1551A33F158F2AB200E66CFE;
			remoteInfo = "cocos2dx Mac";
		};
		419E8E2618A9837100232A34 /* PBXContainerItemProxy */ = {
			isa = PBXContainerItemProxy;
			containerPortal = 419E8E1118A9837100232A34 /* cocos2d_libs.xcodeproj */;
			proxyType = 2;
			remoteGlobalIDString = A03F2FD617814595006731B9;
			remoteInfo = "cocos2dx-extensions Mac";
		};
		419E8E2818A9837100232A34 /* PBXContainerItemProxy */ = {
			isa = PBXContainerItemProxy;
			containerPortal = 419E8E1118A9837100232A34 /* cocos2d_libs.xcodeproj */;
			proxyType = 2;
			remoteGlobalIDString = A03F2CB81780BD04006731B9;
			remoteInfo = "chipmunk Mac";
		};
		419E8E2A18A9837100232A34 /* PBXContainerItemProxy */ = {
			isa = PBXContainerItemProxy;
			containerPortal = 419E8E1118A9837100232A34 /* cocos2d_libs.xcodeproj */;
			proxyType = 2;
			remoteGlobalIDString = A03F2D9B1780BDF7006731B9;
			remoteInfo = "box2d Mac";
		};
		419E8E2C18A9837100232A34 /* PBXContainerItemProxy */ = {
			isa = PBXContainerItemProxy;
			containerPortal = 419E8E1118A9837100232A34 /* cocos2d_libs.xcodeproj */;
			proxyType = 2;
			remoteGlobalIDString = A03F2ED617814268006731B9;
			remoteInfo = "CocosDenshion Mac";
		};
		419E8E3218A9837100232A34 /* PBXContainerItemProxy */ = {
			isa = PBXContainerItemProxy;
			containerPortal = 419E8E1118A9837100232A34 /* cocos2d_libs.xcodeproj */;
			proxyType = 2;
			remoteGlobalIDString = A07A4D641783777C0073F6A7;
			remoteInfo = "cocos2dx iOS";
		};
		419E8E3418A9837100232A34 /* PBXContainerItemProxy */ = {
			isa = PBXContainerItemProxy;
			containerPortal = 419E8E1118A9837100232A34 /* cocos2d_libs.xcodeproj */;
			proxyType = 2;
			remoteGlobalIDString = A07A4EFC1783867C0073F6A7;
			remoteInfo = "cocos2dx-extensions iOS";
		};
		419E8E3618A9837100232A34 /* PBXContainerItemProxy */ = {
			isa = PBXContainerItemProxy;
			containerPortal = 419E8E1118A9837100232A34 /* cocos2d_libs.xcodeproj */;
			proxyType = 2;
			remoteGlobalIDString = A07A4F3B178387670073F6A7;
			remoteInfo = "chipmunk iOS";
		};
		419E8E3818A9837100232A34 /* PBXContainerItemProxy */ = {
			isa = PBXContainerItemProxy;
			containerPortal = 419E8E1118A9837100232A34 /* cocos2d_libs.xcodeproj */;
			proxyType = 2;
			remoteGlobalIDString = A07A4F9E1783876B0073F6A7;
			remoteInfo = "box2d iOS";
		};
		419E8E3A18A9837100232A34 /* PBXContainerItemProxy */ = {
			isa = PBXContainerItemProxy;
			containerPortal = 419E8E1118A9837100232A34 /* cocos2d_libs.xcodeproj */;
			proxyType = 2;
			remoteGlobalIDString = A07A4FB4178387730073F6A7;
			remoteInfo = "CocosDenshion iOS";
		};
		419E8EA918A9CC5C00232A34 /* PBXContainerItemProxy */ = {
			isa = PBXContainerItemProxy;
			containerPortal = 419E8DAC18A9724F00232A34 /* Project object */;
			proxyType = 1;
			remoteGlobalIDString = 419E8E4A18A9845800232A34;
			remoteInfo = "cocos2d-x-static-ios";
		};
		419E8EAB18A9CC5C00232A34 /* PBXContainerItemProxy */ = {
			isa = PBXContainerItemProxy;
			containerPortal = 419E8DAC18A9724F00232A34 /* Project object */;
			proxyType = 1;
			remoteGlobalIDString = 419E8E9818A9BAEC00232A34;
			remoteInfo = "cocos2d-x-static-mac";
		};
/* End PBXContainerItemProxy section */

/* Begin PBXFileReference section */
		419E8DB718A9724F00232A34 /* Foundation.framework */ = {isa = PBXFileReference; lastKnownFileType = wrapper.framework; name = Foundation.framework; path = System/Library/Frameworks/Foundation.framework; sourceTree = SDKROOT; };
		419E8DC518A9724F00232A34 /* XCTest.framework */ = {isa = PBXFileReference; lastKnownFileType = wrapper.framework; name = XCTest.framework; path = Library/Frameworks/XCTest.framework; sourceTree = DEVELOPER_DIR; };
		419E8DC818A9724F00232A34 /* UIKit.framework */ = {isa = PBXFileReference; lastKnownFileType = wrapper.framework; name = UIKit.framework; path = Library/Frameworks/UIKit.framework; sourceTree = DEVELOPER_DIR; };
		419E8E1118A9837100232A34 /* cocos2d_libs.xcodeproj */ = {isa = PBXFileReference; lastKnownFileType = "wrapper.pb-project"; name = cocos2d_libs.xcodeproj; path = "cocos2d-x/build/cocos2d_libs.xcodeproj"; sourceTree = "<group>"; };
/* End PBXFileReference section */

/* Begin PBXGroup section */
		419E8DAB18A9724F00232A34 = {
			isa = PBXGroup;
			children = (
				419E8E1118A9837100232A34 /* cocos2d_libs.xcodeproj */,
				419E8DB618A9724F00232A34 /* Frameworks */,
			);
			sourceTree = "<group>";
		};
		419E8DB618A9724F00232A34 /* Frameworks */ = {
			isa = PBXGroup;
			children = (
				419E8DB718A9724F00232A34 /* Foundation.framework */,
				419E8DC518A9724F00232A34 /* XCTest.framework */,
				419E8DC818A9724F00232A34 /* UIKit.framework */,
			);
			name = Frameworks;
			sourceTree = "<group>";
		};
		419E8E1218A9837100232A34 /* Products */ = {
			isa = PBXGroup;
			children = (
				419E8E2518A9837100232A34 /* libcocos2dx Mac.a */,
				419E8E2718A9837100232A34 /* libcocos2dx-extensions Mac.a */,
				419E8E2918A9837100232A34 /* libchipmunk Mac.a */,
				419E8E2B18A9837100232A34 /* libbox2d Mac.a */,
				419E8E2D18A9837100232A34 /* libCocosDenshion Mac.a */,
				419E8E3318A9837100232A34 /* libcocos2dx iOS.a */,
				419E8E3518A9837100232A34 /* libcocos2dx-extensions iOS.a */,
				419E8E3718A9837100232A34 /* libchipmunk iOS.a */,
				419E8E3918A9837100232A34 /* libbox2d iOS.a */,
				419E8E3B18A9837100232A34 /* libCocosDenshion iOS.a */,
			);
			name = Products;
			sourceTree = "<group>";
		};
/* End PBXGroup section */

/* Begin PBXProject section */
		419E8DAC18A9724F00232A34 /* Project object */ = {
			isa = PBXProject;
			attributes = {
				LastUpgradeCheck = 0510;
			};
			buildConfigurationList = 419E8DAF18A9724F00232A34 /* Build configuration list for PBXProject "cocos2dx-prebuilt" */;
			compatibilityVersion = "Xcode 3.2";
			developmentRegion = English;
			hasScannedForEncodings = 0;
			knownRegions = (
				en,
			);
			mainGroup = 419E8DAB18A9724F00232A34;
			productRefGroup = 419E8DAB18A9724F00232A34;
			projectDirPath = "";
			projectReferences = (
				{
					ProductGroup = 419E8E1218A9837100232A34 /* Products */;
					ProjectRef = 419E8E1118A9837100232A34 /* cocos2d_libs.xcodeproj */;
				},
			);
			projectRoot = "";
			targets = (
				412DCAC818C16DE80044835D /* Headers */,
				419E8E4A18A9845800232A34 /* iOS */,
				419E8E9818A9BAEC00232A34 /* Mac */,
				419E8EA518A9CC3B00232A34 /* All */,
			);
		};
/* End PBXProject section */

/* Begin PBXReferenceProxy section */
		419E8E2518A9837100232A34 /* libcocos2dx Mac.a */ = {
			isa = PBXReferenceProxy;
			fileType = archive.ar;
			path = "libcocos2dx Mac.a";
			remoteRef = 419E8E2418A9837100232A34 /* PBXContainerItemProxy */;
			sourceTree = BUILT_PRODUCTS_DIR;
		};
		419E8E2718A9837100232A34 /* libcocos2dx-extensions Mac.a */ = {
			isa = PBXReferenceProxy;
			fileType = archive.ar;
			path = "libcocos2dx-extensions Mac.a";
			remoteRef = 419E8E2618A9837100232A34 /* PBXContainerItemProxy */;
			sourceTree = BUILT_PRODUCTS_DIR;
		};
		419E8E2918A9837100232A34 /* libchipmunk Mac.a */ = {
			isa = PBXReferenceProxy;
			fileType = archive.ar;
			path = "libchipmunk Mac.a";
			remoteRef = 419E8E2818A9837100232A34 /* PBXContainerItemProxy */;
			sourceTree = BUILT_PRODUCTS_DIR;
		};
		419E8E2B18A9837100232A34 /* libbox2d Mac.a */ = {
			isa = PBXReferenceProxy;
			fileType = archive.ar;
			path = "libbox2d Mac.a";
			remoteRef = 419E8E2A18A9837100232A34 /* PBXContainerItemProxy */;
			sourceTree = BUILT_PRODUCTS_DIR;
		};
		419E8E2D18A9837100232A34 /* libCocosDenshion Mac.a */ = {
			isa = PBXReferenceProxy;
			fileType = archive.ar;
			path = "libCocosDenshion Mac.a";
			remoteRef = 419E8E2C18A9837100232A34 /* PBXContainerItemProxy */;
			sourceTree = BUILT_PRODUCTS_DIR;
		};
		419E8E3318A9837100232A34 /* libcocos2dx iOS.a */ = {
			isa = PBXReferenceProxy;
			fileType = archive.ar;
			path = "libcocos2dx iOS.a";
			remoteRef = 419E8E3218A9837100232A34 /* PBXContainerItemProxy */;
			sourceTree = BUILT_PRODUCTS_DIR;
		};
		419E8E3518A9837100232A34 /* libcocos2dx-extensions iOS.a */ = {
			isa = PBXReferenceProxy;
			fileType = archive.ar;
			path = "libcocos2dx-extensions iOS.a";
			remoteRef = 419E8E3418A9837100232A34 /* PBXContainerItemProxy */;
			sourceTree = BUILT_PRODUCTS_DIR;
		};
		419E8E3718A9837100232A34 /* libchipmunk iOS.a */ = {
			isa = PBXReferenceProxy;
			fileType = archive.ar;
			path = "libchipmunk iOS.a";
			remoteRef = 419E8E3618A9837100232A34 /* PBXContainerItemProxy */;
			sourceTree = BUILT_PRODUCTS_DIR;
		};
		419E8E3918A9837100232A34 /* libbox2d iOS.a */ = {
			isa = PBXReferenceProxy;
			fileType = archive.ar;
			path = "libbox2d iOS.a";
			remoteRef = 419E8E3818A9837100232A34 /* PBXContainerItemProxy */;
			sourceTree = BUILT_PRODUCTS_DIR;
		};
		419E8E3B18A9837100232A34 /* libCocosDenshion iOS.a */ = {
			isa = PBXReferenceProxy;
			fileType = archive.ar;
			path = "libCocosDenshion iOS.a";
			remoteRef = 419E8E3A18A9837100232A34 /* PBXContainerItemProxy */;
			sourceTree = BUILT_PRODUCTS_DIR;
		};
/* End PBXReferenceProxy section */

/* Begin PBXShellScriptBuildPhase section */
		412DCACC18C16DFF0044835D /* ShellScript */ = {
			isa = PBXShellScriptBuildPhase;
			buildActionMask = 2147483647;
			files = (
			);
			inputPaths = (
			);
			outputPaths = (
			);
			runOnlyForDeploymentPostprocessing = 0;
			shellPath = /bin/sh;
			shellScript = "libDir=\"${SRCROOT}/../template/lib/cocos2dx-prebuilt\"\n\n# copy headers\n# http://stackoverflow.com/questions/10176849/how-can-i-copy-only-header-files-in-an-entire-nested-directory-to-another-direct\noutputDir=\"${SRCROOT}/../include\"\nif [ -d $outputDir ]; then\n\trm -r ${outputDir}\nfi\nmkdir -p ${outputDir}\n(cd ${SRCROOT}/cocos2d-x && find . -name '*.h' -print | tar --create --files-from -) | (cd $outputDir && tar xvfp -)\n(cd ${SRCROOT}/cocos2d-x && find . -name '*.hpp' -print | tar --create --files-from -) | (cd $outputDir && tar xvfp -)\n(cd ${SRCROOT}/cocos2d-x && find . -name '*.msg' -print | tar --create --files-from -) | (cd $outputDir && tar xvfp -)\nif [ -d ${outputDir}/docs ]; then\n    rm -r ${outputDir}/docs\nfi\nif [ -d ${outputDir}/samples ]; then\n    rm -r ${outputDir}/samples\nfi\nif [ -d ${outputDir}/templates ]; then\n    rm -r ${outputDir}/templates\nfi\nif [ -d ${outputDir}/tools ]; then\n    rm -r ${outputDir}/tools\nfi\nif [ -d ${outputDir}/plugin/samples ]; then\n    rm -r ${outputDir}/plugin/samples\nfi\nif [ -d ${outputDir}/plugin/plugins ]; then\n    rm -r ${outputDir}/plugin/plugins\nfi\nfind ${outputDir} | xargs xattr -c\n\n# copy javascript bindings\noutputDir=\"${libDir}/jsb\"\nif [ -d $outputDir ]; then\n\trm -r ${outputDir}\nfi\nmkdir -p \"${outputDir}\"\nfind ${outputDir} | xargs xattr -c\n\n# create absolute symlinks\nif [ ! -L ${libDir}/lib ]; then\n\tmkdir -p ${libDir}\n\tcd ${libDir} && ln -s ${SRCROOT}/../lib .\nfi\nif [ ! -L ${libDir}/include ]; then\n\tmkdir -p ${libDir}\n\tcd ${libDir} && ln -s ${SRCROOT}/../include .\nfi\n";
		};
		419E8E4E18A9847700232A34 /* ShellScript */ = {
			isa = PBXShellScriptBuildPhase;
			buildActionMask = 2147483647;
			files = (
			);
			inputPaths = (
			);
			outputPaths = (
			);
			runOnlyForDeploymentPostprocessing = 0;
			shellPath = /bin/bash;
			shellScript = "libName=\"libcocos2dx-prebuilt\"\nplatform=\"iOS\"\nscheme=\"build all libs $platform\"\n\n# build for device and simulator\n#for config in ${CONFIGURATION}\nfor config in Debug Release\ndo\n\toutputDir=${SRCROOT}/../lib/${config}-$platform\n\toutputFileA=${BUILD_DIR}/${config}-iphoneos/${libName}.a\n\toutputFileB=${BUILD_DIR}/${config}-iphonesimulator/${libName}.a\n\n\tmkdir -p \"${outputDir}\"\n\n\txcodebuild -project ${PROJECT_NAME}.xcodeproj -scheme \"$scheme\" -configuration ${config} -sdk iphoneos BUILD_DIR=\"${BUILD_DIR}\" BUILD_ROOT=\"${BUILD_ROOT}\"\n\txcodebuild -project ${PROJECT_NAME}.xcodeproj -scheme \"$scheme\" -configuration ${config} -sdk iphonesimulator -arch i386 BUILD_DIR=\"${BUILD_DIR}\" BUILD_ROOT=\"${BUILD_ROOT}\"\n\t\n\tlibtool -static -o $outputFileA ${BUILD_DIR}/${config}-iphoneos/*.a\n\tlibtool -static -o $outputFileB ${BUILD_DIR}/${config}-iphonesimulator/*.a\n\n\tlipo -create -output ${outputDir}/${libName}.a $outputFileA $outputFileB\n\trm $outputFileA\n\trm $outputFileB\ndone\n";
		};
		419E8E9E18A9BB3400232A34 /* ShellScript */ = {
			isa = PBXShellScriptBuildPhase;
			buildActionMask = 2147483647;
			files = (
			);
			inputPaths = (
			);
			outputPaths = (
			);
			runOnlyForDeploymentPostprocessing = 0;
			shellPath = /bin/bash;
			shellScript = "libName=\"libcocos2dx-prebuilt\"\nplatform=\"Mac\"\nscheme=\"build all libs $platform\"\n\nfor config in Debug Release\ndo\n\toutputDir=${SRCROOT}/../lib/${config}-$platform\n\toutputFileA=${BUILD_DIR}/${config}/${libName}.a\n\n\tmkdir -p \"${outputDir}\"\n\n\txcodebuild -project ${PROJECT_NAME}.xcodeproj -scheme \"$scheme\" -configuration ${config} BUILD_DIR=\"${BUILD_DIR}\" BUILD_ROOT=\"${BUILD_ROOT}\"\n\n\tlibtool -static -o $outputFileA ${BUILD_DIR}/${config}/*.a\n\n\tlipo -create -output ${outputDir}/${libName}.a $outputFileA\n\trm $outputFileA\ndone\n";
		};
/* End PBXShellScriptBuildPhase section */

/* Begin PBXTargetDependency section */
		412DCACE18C16E4D0044835D /* PBXTargetDependency */ = {
			isa = PBXTargetDependency;
			target = 412DCAC818C16DE80044835D /* Headers */;
			targetProxy = 412DCACD18C16E4D0044835D /* PBXContainerItemProxy */;
		};
		419E8EAA18A9CC5C00232A34 /* PBXTargetDependency */ = {
			isa = PBXTargetDependency;
			target = 419E8E4A18A9845800232A34 /* iOS */;
			targetProxy = 419E8EA918A9CC5C00232A34 /* PBXContainerItemProxy */;
		};
		419E8EAC18A9CC5C00232A34 /* PBXTargetDependency */ = {
			isa = PBXTargetDependency;
			target = 419E8E9818A9BAEC00232A34 /* Mac */;
			targetProxy = 419E8EAB18A9CC5C00232A34 /* PBXContainerItemProxy */;
		};
/* End PBXTargetDependency section */

/* Begin XCBuildConfiguration section */
		412DCACA18C16DE80044835D /* Debug */ = {
			isa = XCBuildConfiguration;
			buildSettings = {
				PRODUCT_NAME = "$(TARGET_NAME)";
			};
			name = Debug;
		};
		412DCACB18C16DE80044835D /* Release */ = {
			isa = XCBuildConfiguration;
			buildSettings = {
				PRODUCT_NAME = "$(TARGET_NAME)";
			};
			name = Release;
		};
		419E8DD518A9724F00232A34 /* Debug */ = {
			isa = XCBuildConfiguration;
			buildSettings = {
				ALWAYS_SEARCH_USER_PATHS = NO;
				CLANG_CXX_LANGUAGE_STANDARD = "gnu++0x";
				CLANG_CXX_LIBRARY = "libc++";
				CLANG_ENABLE_MODULES = YES;
				CLANG_ENABLE_OBJC_ARC = YES;
				CLANG_WARN_BOOL_CONVERSION = YES;
				CLANG_WARN_CONSTANT_CONVERSION = YES;
				CLANG_WARN_DIRECT_OBJC_ISA_USAGE = YES_ERROR;
				CLANG_WARN_EMPTY_BODY = YES;
				CLANG_WARN_ENUM_CONVERSION = YES;
				CLANG_WARN_INT_CONVERSION = YES;
				CLANG_WARN_OBJC_ROOT_CLASS = YES_ERROR;
				CLANG_WARN__DUPLICATE_METHOD_MATCH = YES;
				COPY_PHASE_STRIP = NO;
				GCC_C_LANGUAGE_STANDARD = gnu99;
				GCC_DYNAMIC_NO_PIC = NO;
				GCC_OPTIMIZATION_LEVEL = 0;
				GCC_PREPROCESSOR_DEFINITIONS = (
					"DEBUG=1",
					"$(inherited)",
				);
				GCC_SYMBOLS_PRIVATE_EXTERN = NO;
				GCC_WARN_64_TO_32_BIT_CONVERSION = YES;
				GCC_WARN_ABOUT_RETURN_TYPE = YES_ERROR;
				GCC_WARN_UNDECLARED_SELECTOR = YES;
				GCC_WARN_UNINITIALIZED_AUTOS = YES;
				GCC_WARN_UNUSED_FUNCTION = YES;
				GCC_WARN_UNUSED_VARIABLE = YES;
				IPHONEOS_DEPLOYMENT_TARGET = 7.0;
				ONLY_ACTIVE_ARCH = YES;
				SDKROOT = iphoneos;
			};
			name = Debug;
		};
		419E8DD618A9724F00232A34 /* Release */ = {
			isa = XCBuildConfiguration;
			buildSettings = {
				ALWAYS_SEARCH_USER_PATHS = NO;
				CLANG_CXX_LANGUAGE_STANDARD = "gnu++0x";
				CLANG_CXX_LIBRARY = "libc++";
				CLANG_ENABLE_MODULES = YES;
				CLANG_ENABLE_OBJC_ARC = YES;
				CLANG_WARN_BOOL_CONVERSION = YES;
				CLANG_WARN_CONSTANT_CONVERSION = YES;
				CLANG_WARN_DIRECT_OBJC_ISA_USAGE = YES_ERROR;
				CLANG_WARN_EMPTY_BODY = YES;
				CLANG_WARN_ENUM_CONVERSION = YES;
				CLANG_WARN_INT_CONVERSION = YES;
				CLANG_WARN_OBJC_ROOT_CLASS = YES_ERROR;
				CLANG_WARN__DUPLICATE_METHOD_MATCH = YES;
				COPY_PHASE_STRIP = YES;
				ENABLE_NS_ASSERTIONS = NO;
				GCC_C_LANGUAGE_STANDARD = gnu99;
				GCC_WARN_64_TO_32_BIT_CONVERSION = YES;
				GCC_WARN_ABOUT_RETURN_TYPE = YES_ERROR;
				GCC_WARN_UNDECLARED_SELECTOR = YES;
				GCC_WARN_UNINITIALIZED_AUTOS = YES;
				GCC_WARN_UNUSED_FUNCTION = YES;
				GCC_WARN_UNUSED_VARIABLE = YES;
				IPHONEOS_DEPLOYMENT_TARGET = 7.0;
				SDKROOT = iphoneos;
				VALIDATE_PRODUCT = YES;
			};
			name = Release;
		};
		419E8E4C18A9845800232A34 /* Debug */ = {
			isa = XCBuildConfiguration;
			buildSettings = {
				ARCHS = "$(ARCHS_STANDARD)";
				PRODUCT_NAME = "$(TARGET_NAME)";
			};
			name = Debug;
		};
		419E8E4D18A9845800232A34 /* Release */ = {
			isa = XCBuildConfiguration;
			buildSettings = {
				ARCHS = "$(ARCHS_STANDARD)";
				PRODUCT_NAME = "$(TARGET_NAME)";
			};
			name = Release;
		};
		419E8E9A18A9BAEC00232A34 /* Debug */ = {
			isa = XCBuildConfiguration;
			buildSettings = {
				ARCHS = "$(ARCHS_STANDARD_64_BIT)";
				MACOSX_DEPLOYMENT_TARGET = 10.7;
				PRODUCT_NAME = "$(TARGET_NAME)";
				SDKROOT = macosx;
			};
			name = Debug;
		};
		419E8E9B18A9BAEC00232A34 /* Release */ = {
			isa = XCBuildConfiguration;
			buildSettings = {
				ARCHS = "$(ARCHS_STANDARD_64_BIT)";
				MACOSX_DEPLOYMENT_TARGET = 10.7;
				PRODUCT_NAME = "$(TARGET_NAME)";
				SDKROOT = macosx;
			};
			name = Release;
		};
		419E8EA718A9CC3B00232A34 /* Debug */ = {
			isa = XCBuildConfiguration;
			buildSettings = {
				PRODUCT_NAME = "$(TARGET_NAME)";
			};
			name = Debug;
		};
		419E8EA818A9CC3B00232A34 /* Release */ = {
			isa = XCBuildConfiguration;
			buildSettings = {
				PRODUCT_NAME = "$(TARGET_NAME)";
			};
			name = Release;
		};
/* End XCBuildConfiguration section */

/* Begin XCConfigurationList section */
		412DCAC918C16DE80044835D /* Build configuration list for PBXAggregateTarget "Headers" */ = {
			isa = XCConfigurationList;
			buildConfigurations = (
				412DCACA18C16DE80044835D /* Debug */,
				412DCACB18C16DE80044835D /* Release */,
			);
			defaultConfigurationIsVisible = 0;
			defaultConfigurationName = Release;
		};
		419E8DAF18A9724F00232A34 /* Build configuration list for PBXProject "cocos2dx-prebuilt" */ = {
			isa = XCConfigurationList;
			buildConfigurations = (
				419E8DD518A9724F00232A34 /* Debug */,
				419E8DD618A9724F00232A34 /* Release */,
			);
			defaultConfigurationIsVisible = 0;
			defaultConfigurationName = Release;
		};
		419E8E4B18A9845800232A34 /* Build configuration list for PBXAggregateTarget "iOS" */ = {
			isa = XCConfigurationList;
			buildConfigurations = (
				419E8E4C18A9845800232A34 /* Debug */,
				419E8E4D18A9845800232A34 /* Release */,
			);
			defaultConfigurationIsVisible = 0;
			defaultConfigurationName = Release;
		};
		419E8E9918A9BAEC00232A34 /* Build configuration list for PBXAggregateTarget "Mac" */ = {
			isa = XCConfigurationList;
			buildConfigurations = (
				419E8E9A18A9BAEC00232A34 /* Debug */,
				419E8E9B18A9BAEC00232A34 /* Release */,
			);
			defaultConfigurationIsVisible = 0;
			defaultConfigurationName = Release;
		};
		419E8EA618A9CC3B00232A34 /* Build configuration list for PBXAggregateTarget "All" */ = {
			isa = XCConfigurationList;
			buildConfigurations = (
				419E8EA718A9CC3B00232A34 /* Debug */,
				419E8EA818A9CC3B00232A34 /* Release */,
			);
			defaultConfigurationIsVisible = 0;
			defaultConfigurationName = Release;
		};
/* End XCConfigurationList section */
	};
	rootObject = 419E8DAC18A9724F00232A34 /* Project object */;
}
